<Solution>
  <Folder Name="/Bookings/">
    <Project Path="Bookings/Application.Bookings/Application.Bookings.csproj" Id="92dcea3c-db2c-4ec4-b10c-962a3a532422" />
    <Project Path="Bookings/Domain.Bookings/Domain.Bookings.csproj" Id="cd441633-23cc-49f5-9ff6-2295a9435153" />
    <Project Path="Bookings/Infrastructure.Bookings/Infrastructure.Bookings.csproj" Id="9b20d3c8-a62c-4d5d-8ecc-b43d48ad30c8" />
    <Project Path="Bookings/Presentation.Bookings/Presentation.Bookings.csproj" />
    <Project Path="Bookings/Tests.Integration.Bookings/Tests.Integration.Bookings.csproj" Id="b1d5138f-6f9e-4c1d-8cb2-4124136c7fcf" />
    <Project Path="Bookings/Tests.Unit.Bookings/Tests.Unit.Bookings.csproj" />
  </Folder>
  <Folder Name="/Events/">
    <Project Path="Events/Application.Events/Application.Events.csproj" Id="06f0a36f-87a8-4bcc-8372-d92d16499c8e" />
    <Project Path="Events/Domain.Events/Domain.Events.csproj" Id="8a8e2312-7c82-480f-a6c1-ce312e6232ee" />
    <Project Path="Events/Infrastructure.Events/Infrastructure.Events.csproj" Id="5313f8da-2caf-4fec-86ed-9d12adb8454f" />
    <Project Path="Events/Presentation.Events/Presentation.Events.csproj" Id="65c7032f-e965-4fbe-b989-5c931a19b24c" />
    <Project Path="Events/Tests.Integration.Events/Tests.Integration.Events.csproj" Id="7856ffb9-6601-477d-ba20-23a5557ca7f4" />
    <Project Path="Events/Tests.Unit.Events/Tests.Unit.Events.csproj" Id="954fd03c-bfa3-4f47-bfbb-a4b7cd39b8ad" />
  </Folder>
  <Folder Name="/Shared/">
    <Project Path="Shared/Shared.Entities/Shared.Entities.csproj" Id="9a8b0100-f9e9-4641-945b-e9469e8f81a2" />
    <Project Path="Shared/Shared.Exceptions/Shared.Exceptions.csproj" Id="4a46bdde-3e1f-41d2-aa4d-8d1473fb8b08" />
    <Project Path="Shared/Shared.Helpers/Shared.Helpers.csproj" Id="dee85aa3-7350-4257-af86-b094346fea4c" />
    <Project Path="Shared/Shared.Infrastructure.Abstract/Shared.Infrastructure.Abstract.csproj" Id="71bf258e-8f66-4a54-bf79-a8f920d86530" />
    <Project Path="Shared/Shared.Infrastructure/Shared.Infrastructure.Ef.csproj" Id="5de98a96-86dc-411d-95be-e3f383b6741f" />
    <Project Path="Shared/Shared.Roles/Shared.Roles.csproj" Id="3d01cd0c-d3c2-4da0-a287-21c5ca852d3f" />
    <Project Path="Shared/Shared.ValidationAttributes/Shared.ValidationAttributes.csproj" Id="452e3fc2-4bc4-4061-a1b3-322171bf96ee" />
    <Project Path="Shared/Tests.Integration.Shared.Infrastructure/Tests.Integration.Shared.Infrastructure.csproj" Id="263043c5-e136-41fc-bd7e-ed267b756646" />
  </Folder>
  <Folder Name="/Users/">
    <Project Path="Users/Application.Users/Application.Users.csproj" Id="510725ec-1280-425b-bc77-51016d4b77ca" />
    <Project Path="Users/Domain.Users/Domain.Users.csproj" Id="c1a7bac6-4afe-4b83-87ea-90791b56ebe6" />
    <Project Path="Users/Infrastructure.Users/Infrastructure.Users.csproj" Id="ee7da43e-ff95-4e94-aede-04108ac48624" />
    <Project Path="Users/Presentation.Users/Presentation.Users.csproj" Id="55b04206-48d9-4612-be00-99bac1e47b1f" />
    <Project Path="Users/Tests.Integration.Users/Tests.Integration.Users.csproj" Id="43a8734e-211b-4f7e-9791-4cb84b6af92c" />
    <Project Path="Users/Tests.Unit.Users/Tests.Unit.Users.csproj" Id="8e37b056-2245-41f6-a7ca-d01d86f43a19" />
  </Folder>
  <Project Path="Contracts/Contracts.csproj" Id="ddea85d5-a75d-4ccd-a1cc-bca6e6466f56" />
</Solution>