<Solution>
  <Project Path="Application/Application.csproj" Id="92dcea3c-db2c-4ec4-b10c-962a3a532422" />
  <Project Path="Domain/Domain.csproj" Id="cd441633-23cc-49f5-9ff6-2295a9435153" />
  <Project Path="Infrastructure/Infrastructure.csproj" Id="9b20d3c8-a62c-4d5d-8ecc-b43d48ad30c8" />
  <Project Path="Presentation/Presentation.csproj" />
  <Project Path="Tests.Integration/Tests.Integration.csproj" Id="b1d5138f-6f9e-4c1d-8cb2-4124136c7fcf" />
  <Project Path="Tests.Unit/Tests.Unit.csproj" />
</Solution>
